
Microsoft Visual Studio Solution File, Format Version 12.00
# Visual Studio 2013
VisualStudioVersion = 12.0.40629.0
MinimumVisualStudioVersion = 10.0.40219.1
Project("{FAE04EC0-301F-11D3-BF4B-00C04F79EFBC}") = "CoefficientLib", "CoefficientLib\CoefficientLib.csproj", "{A246045C-9E05-443B-B5D8-0CF234A56710}"
EndProject
Project("{FAE04EC0-301F-11D3-BF4B-00C04F79EFBC}") = "CoefficientLib.Test", "CoefficientLib.Test\CoefficientLib.Test.csproj", "{8FD880BF-E155-49B3-BD05-7D1D8035D445}"
EndProject
Project("{2150E333-8FDC-42A3-9474-1A3956D46DE8}") = "Dlls", "Dlls", "{2A1C0E0A-9983-46DA-8C65-8EA7F1332F1B}"
	ProjectSection(SolutionItems) = preProject
		Dlls\Newtonsoft.Json.dll = Dlls\Newtonsoft.Json.dll
	EndProjectSection
EndProject
Global
	GlobalSection(SolutionConfigurationPlatforms) = preSolution
		Debug|Any CPU = Debug|Any CPU
		Release|Any CPU = Release|Any CPU
	EndGlobalSection
	GlobalSection(ProjectConfigurationPlatforms) = postSolution
		{A246045C-9E05-443B-B5D8-0CF234A56710}.Debug|Any CPU.ActiveCfg = Debug|Any CPU
		{A246045C-9E05-443B-B5D8-0CF234A56710}.Debug|Any CPU.Build.0 = Debug|Any CPU
		{A246045C-9E05-443B-B5D8-0CF234A56710}.Release|Any CPU.ActiveCfg = Release|Any CPU
		{A246045C-9E05-443B-B5D8-0CF234A56710}.Release|Any CPU.Build.0 = Release|Any CPU
		{8FD880BF-E155-49B3-BD05-7D1D8035D445}.Debug|Any CPU.ActiveCfg = Debug|Any CPU
		{8FD880BF-E155-49B3-BD05-7D1D8035D445}.Debug|Any CPU.Build.0 = Debug|Any CPU
		{8FD880BF-E155-49B3-BD05-7D1D8035D445}.Release|Any CPU.ActiveCfg = Release|Any CPU
		{8FD880BF-E155-49B3-BD05-7D1D8035D445}.Release|Any CPU.Build.0 = Release|Any CPU
	EndGlobalSection
	GlobalSection(SolutionProperties) = preSolution
		HideSolutionNode = FALSE
	EndGlobalSection
EndGlobal
